# @generated by Move, please check-in and do not edit manually.

[move]
version = 3
manifest_digest = "B9769845F967ED21FE03817C1E027B1096FBEFD5B377EBC427244B9932B7774D"
deps_digest = "F8BBB0CCB2491CA29A3DF03D6F92277A4F3574266507ACD77214D37ECA3F3082"
dependencies = [
  { id = "Sui", name = "Sui" },
]

[[move.package]]
id = "MoveStdlib"
source = { git = "https://github.com/MystenLabs/sui.git", rev = "framework/testnet", subdir = "crates/sui-framework/packages/move-stdlib" }

[[move.package]]
id = "Sui"
source = { git = "https://github.com/MystenLabs/sui.git", rev = "framework/testnet", subdir = "crates/sui-framework/packages/sui-framework" }

dependencies = [
  { id = "MoveStdlib", name = "MoveStdlib" },
]

[move.toolchain-version]
compiler-version = "1.36.2"
edition = "2024.beta"
flavor = "sui"

[env]

[env.testnet]
chain-id = "4c78adac"
original-published-id = "0xe5c5304da005f79f916e8986d479d5f0736b1a06322fa3453da4c66ee3d45fd6"
latest-published-id = "0xe5c5304da005f79f916e8986d479d5f0736b1a06322fa3453da4c66ee3d45fd6"
published-version = "1"
